
Microsoft Visual Studio Solution File, Format Version 12.00
# Visual Studio Version 17
VisualStudioVersion = 17.3.32929.385
MinimumVisualStudioVersion = 10.0.40219.1
Project("{FAE04EC0-301F-11D3-BF4B-00C04F79EFBC}") = "PerformanceReader", "PerformanceCounter\PerformanceReader.csproj", "{05369E99-12DB-4C40-92CE-E0C69EAA95DC}"
EndProject
Global
	GlobalSection(SolutionConfigurationPlatforms) = preSolution
		Debug|Any CPU = Debug|Any CPU
		Release|Any CPU = Release|Any CPU
	EndGlobalSection
	GlobalSection(ProjectConfigurationPlatforms) = postSolution
		{05369E99-12DB-4C40-92CE-E0C69EAA95DC}.Debug|Any CPU.ActiveCfg = Debug|Any CPU
		{05369E99-12DB-4C40-92CE-E0C69EAA95DC}.Debug|Any CPU.Build.0 = Debug|Any CPU
		{05369E99-12DB-4C40-92CE-E0C69EAA95DC}.Release|Any CPU.ActiveCfg = Release|Any CPU
		{05369E99-12DB-4C40-92CE-E0C69EAA95DC}.Release|Any CPU.Build.0 = Release|Any CPU
	EndGlobalSection
	GlobalSection(SolutionProperties) = preSolution
		HideSolutionNode = FALSE
	EndGlobalSection
	GlobalSection(ExtensibilityGlobals) = postSolution
		SolutionGuid = {8780392A-DBB2-47E1-AEA0-AEF8CC2C9E0E}
	EndGlobalSection
EndGlobal
